
Microsoft Visual Studio Solution File, Format Version 12.00
# Visual Studio Version 16
VisualStudioVersion = 16.0.31205.134
MinimumVisualStudioVersion = 10.0.40219.1
Project("{FAE04EC0-301F-11D3-BF4B-00C04F79EFBC}") = "DoanWeb", "DoanWeb.csproj", "{CFD202F5-77EC-4F80-B9E6-C700D6095BFD}"
EndProject
Global
	GlobalSection(SolutionConfigurationPlatforms) = preSolution
		Debug|Any CPU = Debug|Any CPU
		Release|Any CPU = Release|Any CPU
	EndGlobalSection
	GlobalSection(ProjectConfigurationPlatforms) = postSolution
		{CFD202F5-77EC-4F80-B9E6-C700D6095BFD}.Debug|Any CPU.ActiveCfg = Debug|Any CPU
		{CFD202F5-77EC-4F80-B9E6-C700D6095BFD}.Debug|Any CPU.Build.0 = Debug|Any CPU
		{CFD202F5-77EC-4F80-B9E6-C700D6095BFD}.Release|Any CPU.ActiveCfg = Release|Any CPU
		{CFD202F5-77EC-4F80-B9E6-C700D6095BFD}.Release|Any CPU.Build.0 = Release|Any CPU
	EndGlobalSection
	GlobalSection(SolutionProperties) = preSolution
		HideSolutionNode = FALSE
	EndGlobalSection
	GlobalSection(ExtensibilityGlobals) = postSolution
		SolutionGuid = {6068D986-4533-41CA-AD46-B82EBEA8FBB1}
	EndGlobalSection
EndGlobal
